
Microsoft Visual Studio Solution File, Format Version 12.00
# Visual Studio Version 16
VisualStudioVersion = 16.0.31613.86
MinimumVisualStudioVersion = 10.0.40219.1
Project("{FAE04EC0-301F-11D3-BF4B-00C04F79EFBC}") = "Timetable", "Timetable\Timetable.csproj", "{D35D7D85-99B7-407C-A47C-C9422F08033D}"
EndProject
Global
	GlobalSection(SolutionConfigurationPlatforms) = preSolution
		Debug|Any CPU = Debug|Any CPU
		Release|Any CPU = Release|Any CPU
	EndGlobalSection
	GlobalSection(ProjectConfigurationPlatforms) = postSolution
		{D35D7D85-99B7-407C-A47C-C9422F08033D}.Debug|Any CPU.ActiveCfg = Debug|Any CPU
		{D35D7D85-99B7-407C-A47C-C9422F08033D}.Debug|Any CPU.Build.0 = Debug|Any CPU
		{D35D7D85-99B7-407C-A47C-C9422F08033D}.Release|Any CPU.ActiveCfg = Release|Any CPU
		{D35D7D85-99B7-407C-A47C-C9422F08033D}.Release|Any CPU.Build.0 = Release|Any CPU
	EndGlobalSection
	GlobalSection(SolutionProperties) = preSolution
		HideSolutionNode = FALSE
	EndGlobalSection
	GlobalSection(ExtensibilityGlobals) = postSolution
		SolutionGuid = {2E811D65-343F-4E1E-87C1-07286DE83D55}
	EndGlobalSection
EndGlobal
