
Microsoft Visual Studio Solution File, Format Version 12.00
# Visual Studio Version 16
VisualStudioVersion = 16.0.31613.86
MinimumVisualStudioVersion = 10.0.40219.1
Project("{9A19103F-16F7-4668-BE54-9A1E7A4F7556}") = "Timetable.Web", "Timetable\Timetable.Web.csproj", "{D35D7D85-99B7-407C-A47C-C9422F08033D}"
EndProject
Project("{FAE04EC0-301F-11D3-BF4B-00C04F79EFBC}") = "Timetable.Infrastructure", "Timetable.Infrastructure\Timetable.Infrastructure.csproj", "{44C33759-AA2B-475E-83E8-17DA40DD5A7D}"
EndProject
Project("{FAE04EC0-301F-11D3-BF4B-00C04F79EFBC}") = "Timetable.Core", "Timetable.Core\Timetable.Core.csproj", "{2447FD98-69ED-4359-BFC9-A6D78E629887}"
EndProject
Global
	GlobalSection(SolutionConfigurationPlatforms) = preSolution
		Debug|Any CPU = Debug|Any CPU
		Release|Any CPU = Release|Any CPU
	EndGlobalSection
	GlobalSection(ProjectConfigurationPlatforms) = postSolution
		{D35D7D85-99B7-407C-A47C-C9422F08033D}.Debug|Any CPU.ActiveCfg = Debug|Any CPU
		{D35D7D85-99B7-407C-A47C-C9422F08033D}.Debug|Any CPU.Build.0 = Debug|Any CPU
		{D35D7D85-99B7-407C-A47C-C9422F08033D}.Release|Any CPU.ActiveCfg = Release|Any CPU
		{D35D7D85-99B7-407C-A47C-C9422F08033D}.Release|Any CPU.Build.0 = Release|Any CPU
		{44C33759-AA2B-475E-83E8-17DA40DD5A7D}.Debug|Any CPU.ActiveCfg = Debug|Any CPU
		{44C33759-AA2B-475E-83E8-17DA40DD5A7D}.Debug|Any CPU.Build.0 = Debug|Any CPU
		{44C33759-AA2B-475E-83E8-17DA40DD5A7D}.Release|Any CPU.ActiveCfg = Release|Any CPU
		{44C33759-AA2B-475E-83E8-17DA40DD5A7D}.Release|Any CPU.Build.0 = Release|Any CPU
		{2447FD98-69ED-4359-BFC9-A6D78E629887}.Debug|Any CPU.ActiveCfg = Debug|Any CPU
		{2447FD98-69ED-4359-BFC9-A6D78E629887}.Debug|Any CPU.Build.0 = Debug|Any CPU
		{2447FD98-69ED-4359-BFC9-A6D78E629887}.Release|Any CPU.ActiveCfg = Release|Any CPU
		{2447FD98-69ED-4359-BFC9-A6D78E629887}.Release|Any CPU.Build.0 = Release|Any CPU
	EndGlobalSection
	GlobalSection(SolutionProperties) = preSolution
		HideSolutionNode = FALSE
	EndGlobalSection
	GlobalSection(ExtensibilityGlobals) = postSolution
		SolutionGuid = {2E811D65-343F-4E1E-87C1-07286DE83D55}
	EndGlobalSection
EndGlobal
